{
  "name": "@thanksd/demo-app",
  "version": "0.0.10-alpha.7",
  "lockfileVersion": 1,
  "requires": true,
  "dependencies": {
    "@thanksd/and-function": {
      "version": "0.0.1",
      "resolved": "https://npm.pkg.github.com/download/@thanksd/and-function/0.0.1/e131442f0b3b4c1e1d7d69ca8f7c04f66d998a053f8017ef382198b26e91faa1",
      "integrity": "sha512-+uQEO8oabiz2W4WCHuhENFE8KkRP9R3moDU7g/boQ+/T13oqqY4/p1iTNwFZnaetU8z19e65MCjxcFTIPyUrsw=="
    },
    "@thanksd/say-hello": {
      "version": "0.0.1",
      "resolved": "https://npm.pkg.github.com/download/@thanksd/say-hello/0.0.1/f589cdad840358dc35513620a7ab70a28e7796acf05c203ce64b886ea19cc99b",
      "integrity": "sha512-AQedk5jvAqV/8+OS/glfnbLtW7hdFZ1MboyfYkVWREfNQh957XTIW3g13ipjCgxGnB2An54tZxZb2gTNu344jQ=="
    }
  }
}
